
Microsoft Visual Studio Solution File, Format Version 12.00
# Visual Studio Version 16
VisualStudioVersion = 16.0.33920.266
MinimumVisualStudioVersion = 10.0.40219.1
Project("{FAE04EC0-301F-11D3-BF4B-00C04F79EFBC}") = "ControlAplicacionWPF", "ControlAplicacionWPF.csproj", "{C69D12E4-2B4F-42DD-BB83-792560BE5B5C}"
EndProject
Global
	GlobalSection(SolutionConfigurationPlatforms) = preSolution
		Debug|Any CPU = Debug|Any CPU
		Release|Any CPU = Release|Any CPU
	EndGlobalSection
	GlobalSection(ProjectConfigurationPlatforms) = postSolution
		{C69D12E4-2B4F-42DD-BB83-792560BE5B5C}.Debug|Any CPU.ActiveCfg = Debug|Any CPU
		{C69D12E4-2B4F-42DD-BB83-792560BE5B5C}.Debug|Any CPU.Build.0 = Debug|Any CPU
		{C69D12E4-2B4F-42DD-BB83-792560BE5B5C}.Release|Any CPU.ActiveCfg = Release|Any CPU
		{C69D12E4-2B4F-42DD-BB83-792560BE5B5C}.Release|Any CPU.Build.0 = Release|Any CPU
	EndGlobalSection
	GlobalSection(SolutionProperties) = preSolution
		HideSolutionNode = FALSE
	EndGlobalSection
	GlobalSection(ExtensibilityGlobals) = postSolution
		SolutionGuid = {4C2E8445-4C1E-4FD8-80B2-5F94B6A5CE35}
	EndGlobalSection
EndGlobal
